
Microsoft Visual Studio Solution File, Format Version 12.00
# Visual Studio 14
VisualStudioVersion = 14.0.23107.0
MinimumVisualStudioVersion = 10.0.40219.1
Project("{FAE04EC0-301F-11D3-BF4B-00C04F79EFBC}") = "PlanetDatabase.UI.Web", "PlanetDatabase.UI.Web\PlanetDatabase.UI.Web.csproj", "{0BBF5AC5-B0A9-4CDF-96BF-2A41BA70B4EA}"
	ProjectSection(ProjectDependencies) = postProject
		{7554053E-3D64-496D-94E2-8B55B3B15658} = {7554053E-3D64-496D-94E2-8B55B3B15658}
	EndProjectSection
EndProject
Project("{FAE04EC0-301F-11D3-BF4B-00C04F79EFBC}") = "PlanetDatabase.Service", "PlanetDatabase.Service\PlanetDatabase.Service.csproj", "{7554053E-3D64-496D-94E2-8B55B3B15658}"
EndProject
Global
	GlobalSection(SolutionConfigurationPlatforms) = preSolution
		Debug|Any CPU = Debug|Any CPU
		Release|Any CPU = Release|Any CPU
	EndGlobalSection
	GlobalSection(ProjectConfigurationPlatforms) = postSolution
		{0BBF5AC5-B0A9-4CDF-96BF-2A41BA70B4EA}.Debug|Any CPU.ActiveCfg = Debug|Any CPU
		{0BBF5AC5-B0A9-4CDF-96BF-2A41BA70B4EA}.Debug|Any CPU.Build.0 = Debug|Any CPU
		{0BBF5AC5-B0A9-4CDF-96BF-2A41BA70B4EA}.Release|Any CPU.ActiveCfg = Release|Any CPU
		{0BBF5AC5-B0A9-4CDF-96BF-2A41BA70B4EA}.Release|Any CPU.Build.0 = Release|Any CPU
		{7554053E-3D64-496D-94E2-8B55B3B15658}.Debug|Any CPU.ActiveCfg = Debug|Any CPU
		{7554053E-3D64-496D-94E2-8B55B3B15658}.Debug|Any CPU.Build.0 = Debug|Any CPU
		{7554053E-3D64-496D-94E2-8B55B3B15658}.Release|Any CPU.ActiveCfg = Release|Any CPU
		{7554053E-3D64-496D-94E2-8B55B3B15658}.Release|Any CPU.Build.0 = Release|Any CPU
	EndGlobalSection
	GlobalSection(SolutionProperties) = preSolution
		HideSolutionNode = FALSE
	EndGlobalSection
EndGlobal
